
Microsoft Visual Studio Solution File, Format Version 12.00
# Visual Studio Version 17
VisualStudioVersion = 17.2.32519.379
MinimumVisualStudioVersion = 10.0.40219.1
Project("{FAE04EC0-301F-11D3-BF4B-00C04F79EFBC}") = "BayraktarInterface", "Bayraktar\BayraktarInterface.csproj", "{35974349-F357-43F0-B497-60E8BF6F167B}"
EndProject
Project("{FAE04EC0-301F-11D3-BF4B-00C04F79EFBC}") = "BayraktarGameData", "BayraktarGame\BayraktarGameData.csproj", "{21DF819D-8806-4E30-A8DD-BC37D14832AD}"
EndProject
Project("{FAE04EC0-301F-11D3-BF4B-00C04F79EFBC}") = "GameServerInterface", "GameEntities\GameServerInterface.csproj", "{F4EA6BB0-2B6B-4F4C-83E4-C07534C8369A}"
EndProject
Project("{FAE04EC0-301F-11D3-BF4B-00C04F79EFBC}") = "GameClient", "BayraktarClient\GameClient.csproj", "{5D7908FF-7AC2-468F-B65A-1C2D05315A8B}"
EndProject
Project("{FAE04EC0-301F-11D3-BF4B-00C04F79EFBC}") = "MessagePacket", "MessagePacket\MessagePacket.csproj", "{0EB1AC98-6065-45EE-B83E-332E43BE9DF8}"
EndProject
Project("{FAE04EC0-301F-11D3-BF4B-00C04F79EFBC}") = "GameServer", "GameServer\GameServer.csproj", "{7D95B883-F419-4041-93D0-911A44AFD714}"
EndProject
Project("{FAE04EC0-301F-11D3-BF4B-00C04F79EFBC}") = "UserBayraktarClient", "UserBayraktarClient\UserBayraktarClient.csproj", "{C68A7CD3-ABC6-4202-84A8-E9945A338C2E}"
EndProject
Project("{FAE04EC0-301F-11D3-BF4B-00C04F79EFBC}") = "UserBayraktarServer", "UserBayraktarServer\UserBayraktarServer.csproj", "{EF5C7428-579C-4FCC-92CE-1702FD4EF720}"
EndProject
Project("{FAE04EC0-301F-11D3-BF4B-00C04F79EFBC}") = "DatabaseBayraktar", "DatabaseBayraktar\DatabaseBayraktar.csproj", "{8DCC2EAC-2A59-42DF-8819-1FCD8B5C947B}"
EndProject
Global
	GlobalSection(SolutionConfigurationPlatforms) = preSolution
		Debug|Any CPU = Debug|Any CPU
		Release|Any CPU = Release|Any CPU
	EndGlobalSection
	GlobalSection(ProjectConfigurationPlatforms) = postSolution
		{35974349-F357-43F0-B497-60E8BF6F167B}.Debug|Any CPU.ActiveCfg = Debug|Any CPU
		{35974349-F357-43F0-B497-60E8BF6F167B}.Debug|Any CPU.Build.0 = Debug|Any CPU
		{35974349-F357-43F0-B497-60E8BF6F167B}.Release|Any CPU.ActiveCfg = Release|Any CPU
		{35974349-F357-43F0-B497-60E8BF6F167B}.Release|Any CPU.Build.0 = Release|Any CPU
		{21DF819D-8806-4E30-A8DD-BC37D14832AD}.Debug|Any CPU.ActiveCfg = Debug|Any CPU
		{21DF819D-8806-4E30-A8DD-BC37D14832AD}.Debug|Any CPU.Build.0 = Debug|Any CPU
		{21DF819D-8806-4E30-A8DD-BC37D14832AD}.Release|Any CPU.ActiveCfg = Release|Any CPU
		{21DF819D-8806-4E30-A8DD-BC37D14832AD}.Release|Any CPU.Build.0 = Release|Any CPU
		{F4EA6BB0-2B6B-4F4C-83E4-C07534C8369A}.Debug|Any CPU.ActiveCfg = Debug|Any CPU
		{F4EA6BB0-2B6B-4F4C-83E4-C07534C8369A}.Debug|Any CPU.Build.0 = Debug|Any CPU
		{F4EA6BB0-2B6B-4F4C-83E4-C07534C8369A}.Release|Any CPU.ActiveCfg = Release|Any CPU
		{F4EA6BB0-2B6B-4F4C-83E4-C07534C8369A}.Release|Any CPU.Build.0 = Release|Any CPU
		{5D7908FF-7AC2-468F-B65A-1C2D05315A8B}.Debug|Any CPU.ActiveCfg = Debug|Any CPU
		{5D7908FF-7AC2-468F-B65A-1C2D05315A8B}.Debug|Any CPU.Build.0 = Debug|Any CPU
		{5D7908FF-7AC2-468F-B65A-1C2D05315A8B}.Release|Any CPU.ActiveCfg = Release|Any CPU
		{5D7908FF-7AC2-468F-B65A-1C2D05315A8B}.Release|Any CPU.Build.0 = Release|Any CPU
		{0EB1AC98-6065-45EE-B83E-332E43BE9DF8}.Debug|Any CPU.ActiveCfg = Debug|Any CPU
		{0EB1AC98-6065-45EE-B83E-332E43BE9DF8}.Debug|Any CPU.Build.0 = Debug|Any CPU
		{0EB1AC98-6065-45EE-B83E-332E43BE9DF8}.Release|Any CPU.ActiveCfg = Release|Any CPU
		{0EB1AC98-6065-45EE-B83E-332E43BE9DF8}.Release|Any CPU.Build.0 = Release|Any CPU
		{7D95B883-F419-4041-93D0-911A44AFD714}.Debug|Any CPU.ActiveCfg = Debug|Any CPU
		{7D95B883-F419-4041-93D0-911A44AFD714}.Debug|Any CPU.Build.0 = Debug|Any CPU
		{7D95B883-F419-4041-93D0-911A44AFD714}.Release|Any CPU.ActiveCfg = Release|Any CPU
		{7D95B883-F419-4041-93D0-911A44AFD714}.Release|Any CPU.Build.0 = Release|Any CPU
		{C68A7CD3-ABC6-4202-84A8-E9945A338C2E}.Debug|Any CPU.ActiveCfg = Debug|Any CPU
		{C68A7CD3-ABC6-4202-84A8-E9945A338C2E}.Debug|Any CPU.Build.0 = Debug|Any CPU
		{C68A7CD3-ABC6-4202-84A8-E9945A338C2E}.Release|Any CPU.ActiveCfg = Release|Any CPU
		{C68A7CD3-ABC6-4202-84A8-E9945A338C2E}.Release|Any CPU.Build.0 = Release|Any CPU
		{EF5C7428-579C-4FCC-92CE-1702FD4EF720}.Debug|Any CPU.ActiveCfg = Debug|Any CPU
		{EF5C7428-579C-4FCC-92CE-1702FD4EF720}.Debug|Any CPU.Build.0 = Debug|Any CPU
		{EF5C7428-579C-4FCC-92CE-1702FD4EF720}.Release|Any CPU.ActiveCfg = Release|Any CPU
		{EF5C7428-579C-4FCC-92CE-1702FD4EF720}.Release|Any CPU.Build.0 = Release|Any CPU
		{8DCC2EAC-2A59-42DF-8819-1FCD8B5C947B}.Debug|Any CPU.ActiveCfg = Debug|Any CPU
		{8DCC2EAC-2A59-42DF-8819-1FCD8B5C947B}.Debug|Any CPU.Build.0 = Debug|Any CPU
		{8DCC2EAC-2A59-42DF-8819-1FCD8B5C947B}.Release|Any CPU.ActiveCfg = Release|Any CPU
		{8DCC2EAC-2A59-42DF-8819-1FCD8B5C947B}.Release|Any CPU.Build.0 = Release|Any CPU
	EndGlobalSection
	GlobalSection(SolutionProperties) = preSolution
		HideSolutionNode = FALSE
	EndGlobalSection
	GlobalSection(ExtensibilityGlobals) = postSolution
		SolutionGuid = {6DCBCDF5-3051-44AB-A5CD-0456ADB81F8C}
	EndGlobalSection
EndGlobal
